
Microsoft Visual Studio Solution File, Format Version 12.00
# Visual Studio Version 17
VisualStudioVersion = 17.3.32901.215
MinimumVisualStudioVersion = 10.0.40219.1
Project("{2150E333-8FDC-42A3-9474-1A3956D46DE8}") = "src", "src", "{89FF7F07-666A-42A6-8A37-BCB985346981}"
EndProject
Project("{2150E333-8FDC-42A3-9474-1A3956D46DE8}") = "Элементы решения", "Элементы решения", "{DFD7FA84-660C-4414-B8B4-6D31016AC480}"
	ProjectSection(SolutionItems) = preProject
		.gitattributes = .gitattributes
		.gitignore = .gitignore
		README.md = README.md
	EndProjectSection
EndProject
Project("{9A19103F-16F7-4668-BE54-9A1E7A4F7556}") = "WebApp", "src\WebApp\WebApp.csproj", "{8856C47F-5052-4597-8355-394C98E29018}"
EndProject
Project("{9A19103F-16F7-4668-BE54-9A1E7A4F7556}") = "TicketMicroservice", "src\TicketMicroservice\TicketMicroservice.csproj", "{B4B9BB1C-E5EA-4958-95CF-1261C4C5AF88}"
EndProject
Project("{9A19103F-16F7-4668-BE54-9A1E7A4F7556}") = "UserMicroservice", "src\UserMicroservice\UserMicroservice.csproj", "{50D6CF96-5104-40BD-87D2-3927E8749860}"
EndProject
Global
	GlobalSection(SolutionConfigurationPlatforms) = preSolution
		Debug|Any CPU = Debug|Any CPU
		Release|Any CPU = Release|Any CPU
	EndGlobalSection
	GlobalSection(ProjectConfigurationPlatforms) = postSolution
		{8856C47F-5052-4597-8355-394C98E29018}.Debug|Any CPU.ActiveCfg = Debug|Any CPU
		{8856C47F-5052-4597-8355-394C98E29018}.Debug|Any CPU.Build.0 = Debug|Any CPU
		{8856C47F-5052-4597-8355-394C98E29018}.Release|Any CPU.ActiveCfg = Release|Any CPU
		{8856C47F-5052-4597-8355-394C98E29018}.Release|Any CPU.Build.0 = Release|Any CPU
		{B4B9BB1C-E5EA-4958-95CF-1261C4C5AF88}.Debug|Any CPU.ActiveCfg = Debug|Any CPU
		{B4B9BB1C-E5EA-4958-95CF-1261C4C5AF88}.Debug|Any CPU.Build.0 = Debug|Any CPU
		{B4B9BB1C-E5EA-4958-95CF-1261C4C5AF88}.Release|Any CPU.ActiveCfg = Release|Any CPU
		{B4B9BB1C-E5EA-4958-95CF-1261C4C5AF88}.Release|Any CPU.Build.0 = Release|Any CPU
		{50D6CF96-5104-40BD-87D2-3927E8749860}.Debug|Any CPU.ActiveCfg = Debug|Any CPU
		{50D6CF96-5104-40BD-87D2-3927E8749860}.Debug|Any CPU.Build.0 = Debug|Any CPU
		{50D6CF96-5104-40BD-87D2-3927E8749860}.Release|Any CPU.ActiveCfg = Release|Any CPU
		{50D6CF96-5104-40BD-87D2-3927E8749860}.Release|Any CPU.Build.0 = Release|Any CPU
	EndGlobalSection
	GlobalSection(SolutionProperties) = preSolution
		HideSolutionNode = FALSE
	EndGlobalSection
	GlobalSection(NestedProjects) = preSolution
		{8856C47F-5052-4597-8355-394C98E29018} = {89FF7F07-666A-42A6-8A37-BCB985346981}
		{B4B9BB1C-E5EA-4958-95CF-1261C4C5AF88} = {89FF7F07-666A-42A6-8A37-BCB985346981}
		{50D6CF96-5104-40BD-87D2-3927E8749860} = {89FF7F07-666A-42A6-8A37-BCB985346981}
	EndGlobalSection
	GlobalSection(ExtensibilityGlobals) = postSolution
		SolutionGuid = {38843019-E0CC-4F39-B72A-CD6BDED597FE}
	EndGlobalSection
EndGlobal
